// !$*UTF8*$!
{
	archiveVersion = 1;
	classes = {
	};
	objectVersion = 50;
	objects = {

/* Begin PBXBuildFile section */
		92B040112411892C00FB6D2C /* AppDelegate.swift in Sources */ = {isa = PBXBuildFile; fileRef = 92B040102411892C00FB6D2C /* AppDelegate.swift */; };
		92B040132411892C00FB6D2C /* ViewController.swift in Sources */ = {isa = PBXBuildFile; fileRef = 92B040122411892C00FB6D2C /* ViewController.swift */; };
		92B040152411892C00FB6D2C /* Experience.rcproject in Sources */ = {isa = PBXBuildFile; fileRef = 92B040142411892C00FB6D2C /* Experience.rcproject */; };
		92B040182411892C00FB6D2C /* Main.storyboard in Resources */ = {isa = PBXBuildFile; fileRef = 92B040162411892C00FB6D2C /* Main.storyboard */; };
		92B0401A2411892E00FB6D2C /* Assets.xcassets in Resources */ = {isa = PBXBuildFile; fileRef = 92B040192411892E00FB6D2C /* Assets.xcassets */; };
		92B0401D2411892E00FB6D2C /* LaunchScreen.storyboard in Resources */ = {isa = PBXBuildFile; fileRef = 92B0401B2411892E00FB6D2C /* LaunchScreen.storyboard */; };
		92B040282411892E00FB6D2C /* iSmartFormTests.swift in Sources */ = {isa = PBXBuildFile; fileRef = 92B040272411892E00FB6D2C /* iSmartFormTests.swift */; };
		92B040332411892E00FB6D2C /* iSmartFormUITests.swift in Sources */ = {isa = PBXBuildFile; fileRef = 92B040322411892E00FB6D2C /* iSmartFormUITests.swift */; };
/* End PBXBuildFile section */

/* Begin PBXContainerItemProxy section */
		92B040242411892E00FB6D2C /* PBXContainerItemProxy */ = {
			isa = PBXContainerItemProxy;
			containerPortal = 92B040052411892C00FB6D2C /* Project object */;
			proxyType = 1;
			remoteGlobalIDString = 92B0400C2411892C00FB6D2C;
			remoteInfo = iSmartForm;
		};
		92B0402F2411892E00FB6D2C /* PBXContainerItemProxy */ = {
			isa = PBXContainerItemProxy;
			containerPortal = 92B040052411892C00FB6D2C /* Project object */;
			proxyType = 1;
			remoteGlobalIDString = 92B0400C2411892C00FB6D2C;
			remoteInfo = iSmartForm;
		};
/* End PBXContainerItemProxy section */

/* Begin PBXFileReference section */
		92B0400D2411892C00FB6D2C /* iSmartForm.app */ = {isa = PBXFileReference; explicitFileType = wrapper.application; includeInIndex = 0; path = iSmartForm.app; sourceTree = BUILT_PRODUCTS_DIR; };
		92B040102411892C00FB6D2C /* AppDelegate.swift */ = {isa = PBXFileReference; lastKnownFileType = sourcecode.swift; path = AppDelegate.swift; sourceTree = "<group>"; };
		92B040122411892C00FB6D2C /* ViewController.swift */ = {isa = PBXFileReference; lastKnownFileType = sourcecode.swift; path = ViewController.swift; sourceTree = "<group>"; };
		92B040142411892C00FB6D2C /* Experience.rcproject */ = {isa = PBXFileReference; lastKnownFileType = file.rcproject; path = Experience.rcproject; sourceTree = "<group>"; };
		92B040172411892C00FB6D2C /* Base */ = {isa = PBXFileReference; lastKnownFileType = file.storyboard; name = Base; path = Base.lproj/Main.storyboard; sourceTree = "<group>"; };
		92B040192411892E00FB6D2C /* Assets.xcassets */ = {isa = PBXFileReference; lastKnownFileType = folder.assetcatalog; path = Assets.xcassets; sourceTree = "<group>"; };
		92B0401C2411892E00FB6D2C /* Base */ = {isa = PBXFileReference; lastKnownFileType = file.storyboard; name = Base; path = Base.lproj/LaunchScreen.storyboard; sourceTree = "<group>"; };
		92B0401E2411892E00FB6D2C /* Info.plist */ = {isa = PBXFileReference; lastKnownFileType = text.plist.xml; path = Info.plist; sourceTree = "<group>"; };
		92B040232411892E00FB6D2C /* iSmartFormTests.xctest */ = {isa = PBXFileReference; explicitFileType = wrapper.cfbundle; includeInIndex = 0; path = iSmartFormTests.xctest; sourceTree = BUILT_PRODUCTS_DIR; };
		92B040272411892E00FB6D2C /* iSmartFormTests.swift */ = {isa = PBXFileReference; lastKnownFileType = sourcecode.swift; path = iSmartFormTests.swift; sourceTree = "<group>"; };
		92B040292411892E00FB6D2C /* Info.plist */ = {isa = PBXFileReference; lastKnownFileType = text.plist.xml; path = Info.plist; sourceTree = "<group>"; };
		92B0402E2411892E00FB6D2C /* iSmartFormUITests.xctest */ = {isa = PBXFileReference; explicitFileType = wrapper.cfbundle; includeInIndex = 0; path = iSmartFormUITests.xctest; sourceTree = BUILT_PRODUCTS_DIR; };
		92B040322411892E00FB6D2C /* iSmartFormUITests.swift */ = {isa = PBXFileReference; lastKnownFileType = sourcecode.swift; path = iSmartFormUITests.swift; sourceTree = "<group>"; };
		92B040342411892E00FB6D2C /* Info.plist */ = {isa = PBXFileReference; lastKnownFileType = text.plist.xml; path = Info.plist; sourceTree = "<group>"; };
/* End PBXFileReference section */

/* Begin PBXFrameworksBuildPhase section */
		92B0400A2411892C00FB6D2C /* Frameworks */ = {
			isa = PBXFrameworksBuildPhase;
			buildActionMask = 2147483647;
			files = (
			);
			runOnlyForDeploymentPostprocessing = 0;
		};
		92B040202411892E00FB6D2C /* Frameworks */ = {
			isa = PBXFrameworksBuildPhase;
			buildActionMask = 2147483647;
			files = (
			);
			runOnlyForDeploymentPostprocessing = 0;
		};
		92B0402B2411892E00FB6D2C /* Frameworks */ = {
			isa = PBXFrameworksBuildPhase;
			buildActionMask = 2147483647;
			files = (
			);
			runOnlyForDeploymentPostprocessing = 0;
		};
/* End PBXFrameworksBuildPhase section */

/* Begin PBXGroup section */
		92B040042411892C00FB6D2C = {
			isa = PBXGroup;
			children = (
				92B0400F2411892C00FB6D2C /* iSmartForm */,
				92B040262411892E00FB6D2C /* iSmartFormTests */,
				92B040312411892E00FB6D2C /* iSmartFormUITests */,
				92B0400E2411892C00FB6D2C /* Products */,
			);
			sourceTree = "<group>";
		};
		92B0400E2411892C00FB6D2C /* Products */ = {
			isa = PBXGroup;
			children = (
				92B0400D2411892C00FB6D2C /* iSmartForm.app */,
				92B040232411892E00FB6D2C /* iSmartFormTests.xctest */,
				92B0402E2411892E00FB6D2C /* iSmartFormUITests.xctest */,
			);
			name = Products;
			sourceTree = "<group>";
		};
		92B0400F2411892C00FB6D2C /* iSmartForm */ = {
			isa = PBXGroup;
			children = (
				92B040102411892C00FB6D2C /* AppDelegate.swift */,
				92B040122411892C00FB6D2C /* ViewController.swift */,
				92B040142411892C00FB6D2C /* Experience.rcproject */,
				92B040162411892C00FB6D2C /* Main.storyboard */,
				92B040192411892E00FB6D2C /* Assets.xcassets */,
				92B0401B2411892E00FB6D2C /* LaunchScreen.storyboard */,
				92B0401E2411892E00FB6D2C /* Info.plist */,
			);
			path = iSmartForm;
			sourceTree = "<group>";
		};
		92B040262411892E00FB6D2C /* iSmartFormTests */ = {
			isa = PBXGroup;
			children = (
				92B040272411892E00FB6D2C /* iSmartFormTests.swift */,
				92B040292411892E00FB6D2C /* Info.plist */,
			);
			path = iSmartFormTests;
			sourceTree = "<group>";
		};
		92B040312411892E00FB6D2C /* iSmartFormUITests */ = {
			isa = PBXGroup;
			children = (
				92B040322411892E00FB6D2C /* iSmartFormUITests.swift */,
				92B040342411892E00FB6D2C /* Info.plist */,
			);
			path = iSmartFormUITests;
			sourceTree = "<group>";
		};
/* End PBXGroup section */

/* Begin PBXNativeTarget section */
		92B0400C2411892C00FB6D2C /* iSmartForm */ = {
			isa = PBXNativeTarget;
			buildConfigurationList = 92B040372411892E00FB6D2C /* Build configuration list for PBXNativeTarget "iSmartForm" */;
			buildPhases = (
				92B040092411892C00FB6D2C /* Sources */,
				92B0400A2411892C00FB6D2C /* Frameworks */,
				92B0400B2411892C00FB6D2C /* Resources */,
			);
			buildRules = (
			);
			dependencies = (
			);
			name = iSmartForm;
			productName = iSmartForm;
			productReference = 92B0400D2411892C00FB6D2C /* iSmartForm.app */;
			productType = "com.apple.product-type.application";
		};
		92B040222411892E00FB6D2C /* iSmartFormTests */ = {
			isa = PBXNativeTarget;
			buildConfigurationList = 92B0403A2411892E00FB6D2C /* Build configuration list for PBXNativeTarget "iSmartFormTests" */;
			buildPhases = (
				92B0401F2411892E00FB6D2C /* Sources */,
				92B040202411892E00FB6D2C /* Frameworks */,
				92B040212411892E00FB6D2C /* Resources */,
			);
			buildRules = (
			);
			dependencies = (
				92B040252411892E00FB6D2C /* PBXTargetDependency */,
			);
			name = iSmartFormTests;
			productName = iSmartFormTests;
			productReference = 92B040232411892E00FB6D2C /* iSmartFormTests.xctest */;
			productType = "com.apple.product-type.bundle.unit-test";
		};
		92B0402D2411892E00FB6D2C /* iSmartFormUITests */ = {
			isa = PBXNativeTarget;
			buildConfigurationList = 92B0403D2411892E00FB6D2C /* Build configuration list for PBXNativeTarget "iSmartFormUITests" */;
			buildPhases = (
				92B0402A2411892E00FB6D2C /* Sources */,
				92B0402B2411892E00FB6D2C /* Frameworks */,
				92B0402C2411892E00FB6D2C /* Resources */,
			);
			buildRules = (
			);
			dependencies = (
				92B040302411892E00FB6D2C /* PBXTargetDependency */,
			);
			name = iSmartFormUITests;
			productName = iSmartFormUITests;
			productReference = 92B0402E2411892E00FB6D2C /* iSmartFormUITests.xctest */;
			productType = "com.apple.product-type.bundle.ui-testing";
		};
/* End PBXNativeTarget section */

/* Begin PBXProject section */
		92B040052411892C00FB6D2C /* Project object */ = {
			isa = PBXProject;
			attributes = {
				LastSwiftUpdateCheck = 1110;
				LastUpgradeCheck = 1110;
				ORGANIZATIONNAME = "Parker McLain";
				TargetAttributes = {
					92B0400C2411892C00FB6D2C = {
						CreatedOnToolsVersion = 11.1;
					};
					92B040222411892E00FB6D2C = {
						CreatedOnToolsVersion = 11.1;
						TestTargetID = 92B0400C2411892C00FB6D2C;
					};
					92B0402D2411892E00FB6D2C = {
						CreatedOnToolsVersion = 11.1;
						TestTargetID = 92B0400C2411892C00FB6D2C;
					};
				};
			};
			buildConfigurationList = 92B040082411892C00FB6D2C /* Build configuration list for PBXProject "iSmartForm" */;
			compatibilityVersion = "Xcode 9.3";
			developmentRegion = en;
			hasScannedForEncodings = 0;
			knownRegions = (
				en,
				Base,
			);
			mainGroup = 92B040042411892C00FB6D2C;
			productRefGroup = 92B0400E2411892C00FB6D2C /* Products */;
			projectDirPath = "";
			projectRoot = "";
			targets = (
				92B0400C2411892C00FB6D2C /* iSmartForm */,
				92B040222411892E00FB6D2C /* iSmartFormTests */,
				92B0402D2411892E00FB6D2C /* iSmartFormUITests */,
			);
		};
/* End PBXProject section */

/* Begin PBXResourcesBuildPhase section */
		92B0400B2411892C00FB6D2C /* Resources */ = {
			isa = PBXResourcesBuildPhase;
			buildActionMask = 2147483647;
			files = (
				92B0401D2411892E00FB6D2C /* LaunchScreen.storyboard in Resources */,
				92B0401A2411892E00FB6D2C /* Assets.xcassets in Resources */,
				92B040182411892C00FB6D2C /* Main.storyboard in Resources */,
			);
			runOnlyForDeploymentPostprocessing = 0;
		};
		92B040212411892E00FB6D2C /* Resources */ = {
			isa = PBXResourcesBuildPhase;
			buildActionMask = 2147483647;
			files = (
			);
			runOnlyForDeploymentPostprocessing = 0;
		};
		92B0402C2411892E00FB6D2C /* Resources */ = {
			isa = PBXResourcesBuildPhase;
			buildActionMask = 2147483647;
			files = (
			);
			runOnlyForDeploymentPostprocessing = 0;
		};
/* End PBXResourcesBuildPhase section */

/* Begin PBXSourcesBuildPhase section */
		92B040092411892C00FB6D2C /* Sources */ = {
			isa = PBXSourcesBuildPhase;
			buildActionMask = 2147483647;
			files = (
				92B040132411892C00FB6D2C /* ViewController.swift in Sources */,
				92B040112411892C00FB6D2C /* AppDelegate.swift in Sources */,
				92B040152411892C00FB6D2C /* Experience.rcproject in Sources */,
			);
			runOnlyForDeploymentPostprocessing = 0;
		};
		92B0401F2411892E00FB6D2C /* Sources */ = {
			isa = PBXSourcesBuildPhase;
			buildActionMask = 2147483647;
			files = (
				92B040282411892E00FB6D2C /* iSmartFormTests.swift in Sources */,
			);
			runOnlyForDeploymentPostprocessing = 0;
		};
		92B0402A2411892E00FB6D2C /* Sources */ = {
			isa = PBXSourcesBuildPhase;
			buildActionMask = 2147483647;
			files = (
				92B040332411892E00FB6D2C /* iSmartFormUITests.swift in Sources */,
			);
			runOnlyForDeploymentPostprocessing = 0;
		};
/* End PBXSourcesBuildPhase section */

/* Begin PBXTargetDependency section */
		92B040252411892E00FB6D2C /* PBXTargetDependency */ = {
			isa = PBXTargetDependency;
			target = 92B0400C2411892C00FB6D2C /* iSmartForm */;
			targetProxy = 92B040242411892E00FB6D2C /* PBXContainerItemProxy */;
		};
		92B040302411892E00FB6D2C /* PBXTargetDependency */ = {
			isa = PBXTargetDependency;
			target = 92B0400C2411892C00FB6D2C /* iSmartForm */;
			targetProxy = 92B0402F2411892E00FB6D2C /* PBXContainerItemProxy */;
		};
/* End PBXTargetDependency section */

/* Begin PBXVariantGroup section */
		92B040162411892C00FB6D2C /* Main.storyboard */ = {
			isa = PBXVariantGroup;
			children = (
				92B040172411892C00FB6D2C /* Base */,
			);
			name = Main.storyboard;
			sourceTree = "<group>";
		};
		92B0401B2411892E00FB6D2C /* LaunchScreen.storyboard */ = {
			isa = PBXVariantGroup;
			children = (
				92B0401C2411892E00FB6D2C /* Base */,
			);
			name = LaunchScreen.storyboard;
			sourceTree = "<group>";
		};
/* End PBXVariantGroup section */

/* Begin XCBuildConfiguration section */
		92B040352411892E00FB6D2C /* Debug */ = {
			isa = XCBuildConfiguration;
			buildSettings = {
				ALWAYS_SEARCH_USER_PATHS = NO;
				CLANG_ANALYZER_NONNULL = YES;
				CLANG_ANALYZER_NUMBER_OBJECT_CONVERSION = YES_AGGRESSIVE;
				CLANG_CXX_LANGUAGE_STANDARD = "gnu++14";
				CLANG_CXX_LIBRARY = "libc++";
				CLANG_ENABLE_MODULES = YES;
				CLANG_ENABLE_OBJC_ARC = YES;
				CLANG_ENABLE_OBJC_WEAK = YES;
				CLANG_WARN_BLOCK_CAPTURE_AUTORELEASING = YES;
				CLANG_WARN_BOOL_CONVERSION = YES;
				CLANG_WARN_COMMA = YES;
				CLANG_WARN_CONSTANT_CONVERSION = YES;
				CLANG_WARN_DEPRECATED_OBJC_IMPLEMENTATIONS = YES;
				CLANG_WARN_DIRECT_OBJC_ISA_USAGE = YES_ERROR;
				CLANG_WARN_DOCUMENTATION_COMMENTS = YES;
				CLANG_WARN_EMPTY_BODY = YES;
				CLANG_WARN_ENUM_CONVERSION = YES;
				CLANG_WARN_INFINITE_RECURSION = YES;
				CLANG_WARN_INT_CONVERSION = YES;
				CLANG_WARN_NON_LITERAL_NULL_CONVERSION = YES;
				CLANG_WARN_OBJC_IMPLICIT_RETAIN_SELF = YES;
				CLANG_WARN_OBJC_LITERAL_CONVERSION = YES;
				CLANG_WARN_OBJC_ROOT_CLASS = YES_ERROR;
				CLANG_WARN_RANGE_LOOP_ANALYSIS = YES;
				CLANG_WARN_STRICT_PROTOTYPES = YES;
				CLANG_WARN_SUSPICIOUS_MOVE = YES;
				CLANG_WARN_UNGUARDED_AVAILABILITY = YES_AGGRESSIVE;
				CLANG_WARN_UNREACHABLE_CODE = YES;
				CLANG_WARN__DUPLICATE_METHOD_MATCH = YES;
				COPY_PHASE_STRIP = NO;
				DEBUG_INFORMATION_FORMAT = dwarf;
				ENABLE_STRICT_OBJC_MSGSEND = YES;
				ENABLE_TESTABILITY = YES;
				GCC_C_LANGUAGE_STANDARD = gnu11;
				GCC_DYNAMIC_NO_PIC = NO;
				GCC_NO_COMMON_BLOCKS = YES;
				GCC_OPTIMIZATION_LEVEL = 0;
				GCC_PREPROCESSOR_DEFINITIONS = (
					"DEBUG=1",
					"$(inherited)",
				);
				GCC_WARN_64_TO_32_BIT_CONVERSION = YES;
				GCC_WARN_ABOUT_RETURN_TYPE = YES_ERROR;
				GCC_WARN_UNDECLARED_SELECTOR = YES;
				GCC_WARN_UNINITIALIZED_AUTOS = YES_AGGRESSIVE;
				GCC_WARN_UNUSED_FUNCTION = YES;
				GCC_WARN_UNUSED_VARIABLE = YES;
				IPHONEOS_DEPLOYMENT_TARGET = 13.1;
				MTL_ENABLE_DEBUG_INFO = INCLUDE_SOURCE;
				MTL_FAST_MATH = YES;
				ONLY_ACTIVE_ARCH = YES;
				SDKROOT = iphoneos;
				SWIFT_ACTIVE_COMPILATION_CONDITIONS = DEBUG;
				SWIFT_OPTIMIZATION_LEVEL = "-Onone";
			};
			name = Debug;
		};
		92B040362411892E00FB6D2C /* Release */ = {
			isa = XCBuildConfiguration;
			buildSettings = {
				ALWAYS_SEARCH_USER_PATHS = NO;
				CLANG_ANALYZER_NONNULL = YES;
				CLANG_ANALYZER_NUMBER_OBJECT_CONVERSION = YES_AGGRESSIVE;
				CLANG_CXX_LANGUAGE_STANDARD = "gnu++14";
				CLANG_CXX_LIBRARY = "libc++";
				CLANG_ENABLE_MODULES = YES;
				CLANG_ENABLE_OBJC_ARC = YES;
				CLANG_ENABLE_OBJC_WEAK = YES;
				CLANG_WARN_BLOCK_CAPTURE_AUTORELEASING = YES;
				CLANG_WARN_BOOL_CONVERSION = YES;
				CLANG_WARN_COMMA = YES;
				CLANG_WARN_CONSTANT_CONVERSION = YES;
				CLANG_WARN_DEPRECATED_OBJC_IMPLEMENTATIONS = YES;
				CLANG_WARN_DIRECT_OBJC_ISA_USAGE = YES_ERROR;
				CLANG_WARN_DOCUMENTATION_COMMENTS = YES;
				CLANG_WARN_EMPTY_BODY = YES;
				CLANG_WARN_ENUM_CONVERSION = YES;
				CLANG_WARN_INFINITE_RECURSION = YES;
				CLANG_WARN_INT_CONVERSION = YES;
				CLANG_WARN_NON_LITERAL_NULL_CONVERSION = YES;
				CLANG_WARN_OBJC_IMPLICIT_RETAIN_SELF = YES;
				CLANG_WARN_OBJC_LITERAL_CONVERSION = YES;
				CLANG_WARN_OBJC_ROOT_CLASS = YES_ERROR;
				CLANG_WARN_RANGE_LOOP_ANALYSIS = YES;
				CLANG_WARN_STRICT_PROTOTYPES = YES;
				CLANG_WARN_SUSPICIOUS_MOVE = YES;
				CLANG_WARN_UNGUARDED_AVAILABILITY = YES_AGGRESSIVE;
				CLANG_WARN_UNREACHABLE_CODE = YES;
				CLANG_WARN__DUPLICATE_METHOD_MATCH = YES;
				COPY_PHASE_STRIP = NO;
				DEBUG_INFORMATION_FORMAT = "dwarf-with-dsym";
				ENABLE_NS_ASSERTIONS = NO;
				ENABLE_STRICT_OBJC_MSGSEND = YES;
				GCC_C_LANGUAGE_STANDARD = gnu11;
				GCC_NO_COMMON_BLOCKS = YES;
				GCC_WARN_64_TO_32_BIT_CONVERSION = YES;
				GCC_WARN_ABOUT_RETURN_TYPE = YES_ERROR;
				GCC_WARN_UNDECLARED_SELECTOR = YES;
				GCC_WARN_UNINITIALIZED_AUTOS = YES_AGGRESSIVE;
				GCC_WARN_UNUSED_FUNCTION = YES;
				GCC_WARN_UNUSED_VARIABLE = YES;
				IPHONEOS_DEPLOYMENT_TARGET = 13.1;
				MTL_ENABLE_DEBUG_INFO = NO;
				MTL_FAST_MATH = YES;
				SDKROOT = iphoneos;
				SWIFT_COMPILATION_MODE = wholemodule;
				SWIFT_OPTIMIZATION_LEVEL = "-O";
				VALIDATE_PRODUCT = YES;
			};
			name = Release;
		};
		92B040382411892E00FB6D2C /* Debug */ = {
			isa = XCBuildConfiguration;
			buildSettings = {
				ASSETCATALOG_COMPILER_APPICON_NAME = AppIcon;
				CODE_SIGN_STYLE = Automatic;
				DEVELOPMENT_TEAM = 5HNM8PG7H4;
				INFOPLIST_FILE = iSmartForm/Info.plist;
				LD_RUNPATH_SEARCH_PATHS = (
					"$(inherited)",
					"@executable_path/Frameworks",
				);
				PRODUCT_BUNDLE_IDENTIFIER = ParkerMclain.iSmartForm;
				PRODUCT_NAME = "$(TARGET_NAME)";
				SWIFT_VERSION = 5.0;
				TARGETED_DEVICE_FAMILY = "1,2";
			};
			name = Debug;
		};
		92B040392411892E00FB6D2C /* Release */ = {
			isa = XCBuildConfiguration;
			buildSettings = {
				ASSETCATALOG_COMPILER_APPICON_NAME = AppIcon;
				CODE_SIGN_STYLE = Automatic;
				DEVELOPMENT_TEAM = 5HNM8PG7H4;
				INFOPLIST_FILE = iSmartForm/Info.plist;
				LD_RUNPATH_SEARCH_PATHS = (
					"$(inherited)",
					"@executable_path/Frameworks",
				);
				PRODUCT_BUNDLE_IDENTIFIER = ParkerMclain.iSmartForm;
				PRODUCT_NAME = "$(TARGET_NAME)";
				SWIFT_VERSION = 5.0;
				TARGETED_DEVICE_FAMILY = "1,2";
			};
			name = Release;
		};
		92B0403B2411892E00FB6D2C /* Debug */ = {
			isa = XCBuildConfiguration;
			buildSettings = {
				ALWAYS_EMBED_SWIFT_STANDARD_LIBRARIES = YES;
				BUNDLE_LOADER = "$(TEST_HOST)";
				CODE_SIGN_STYLE = Automatic;
				DEVELOPMENT_TEAM = 5HNM8PG7H4;
				INFOPLIST_FILE = iSmartFormTests/Info.plist;
				IPHONEOS_DEPLOYMENT_TARGET = 13.1;
				LD_RUNPATH_SEARCH_PATHS = (
					"$(inherited)",
					"@executable_path/Frameworks",
					"@loader_path/Frameworks",
				);
				PRODUCT_BUNDLE_IDENTIFIER = ParkerMclain.iSmartFormTests;
				PRODUCT_NAME = "$(TARGET_NAME)";
				SWIFT_VERSION = 5.0;
				TARGETED_DEVICE_FAMILY = "1,2";
				TEST_HOST = "$(BUILT_PRODUCTS_DIR)/iSmartForm.app/iSmartForm";
			};
			name = Debug;
		};
		92B0403C2411892E00FB6D2C /* Release */ = {
			isa = XCBuildConfiguration;
			buildSettings = {
				ALWAYS_EMBED_SWIFT_STANDARD_LIBRARIES = YES;
				BUNDLE_LOADER = "$(TEST_HOST)";
				CODE_SIGN_STYLE = Automatic;
				DEVELOPMENT_TEAM = 5HNM8PG7H4;
				INFOPLIST_FILE = iSmartFormTests/Info.plist;
				IPHONEOS_DEPLOYMENT_TARGET = 13.1;
				LD_RUNPATH_SEARCH_PATHS = (
					"$(inherited)",
					"@executable_path/Frameworks",
					"@loader_path/Frameworks",
				);
				PRODUCT_BUNDLE_IDENTIFIER = ParkerMclain.iSmartFormTests;
				PRODUCT_NAME = "$(TARGET_NAME)";
				SWIFT_VERSION = 5.0;
				TARGETED_DEVICE_FAMILY = "1,2";
				TEST_HOST = "$(BUILT_PRODUCTS_DIR)/iSmartForm.app/iSmartForm";
			};
			name = Release;
		};
		92B0403E2411892E00FB6D2C /* Debug */ = {
			isa = XCBuildConfiguration;
			buildSettings = {
				ALWAYS_EMBED_SWIFT_STANDARD_LIBRARIES = YES;
				CODE_SIGN_STYLE = Automatic;
				DEVELOPMENT_TEAM = 5HNM8PG7H4;
				INFOPLIST_FILE = iSmartFormUITests/Info.plist;
				LD_RUNPATH_SEARCH_PATHS = (
					"$(inherited)",
					"@executable_path/Frameworks",
					"@loader_path/Frameworks",
				);
				PRODUCT_BUNDLE_IDENTIFIER = ParkerMclain.iSmartFormUITests;
				PRODUCT_NAME = "$(TARGET_NAME)";
				SWIFT_VERSION = 5.0;
				TARGETED_DEVICE_FAMILY = "1,2";
				TEST_TARGET_NAME = iSmartForm;
			};
			name = Debug;
		};
		92B0403F2411892E00FB6D2C /* Release */ = {
			isa = XCBuildConfiguration;
			buildSettings = {
				ALWAYS_EMBED_SWIFT_STANDARD_LIBRARIES = YES;
				CODE_SIGN_STYLE = Automatic;
				DEVELOPMENT_TEAM = 5HNM8PG7H4;
				INFOPLIST_FILE = iSmartFormUITests/Info.plist;
				LD_RUNPATH_SEARCH_PATHS = (
					"$(inherited)",
					"@executable_path/Frameworks",
					"@loader_path/Frameworks",
				);
				PRODUCT_BUNDLE_IDENTIFIER = ParkerMclain.iSmartFormUITests;
				PRODUCT_NAME = "$(TARGET_NAME)";
				SWIFT_VERSION = 5.0;
				TARGETED_DEVICE_FAMILY = "1,2";
				TEST_TARGET_NAME = iSmartForm;
			};
			name = Release;
		};
/* End XCBuildConfiguration section */

/* Begin XCConfigurationList section */
		92B040082411892C00FB6D2C /* Build configuration list for PBXProject "iSmartForm" */ = {
			isa = XCConfigurationList;
			buildConfigurations = (
				92B040352411892E00FB6D2C /* Debug */,
				92B040362411892E00FB6D2C /* Release */,
			);
			defaultConfigurationIsVisible = 0;
			defaultConfigurationName = Release;
		};
		92B040372411892E00FB6D2C /* Build configuration list for PBXNativeTarget "iSmartForm" */ = {
			isa = XCConfigurationList;
			buildConfigurations = (
				92B040382411892E00FB6D2C /* Debug */,
				92B040392411892E00FB6D2C /* Release */,
			);
			defaultConfigurationIsVisible = 0;
			defaultConfigurationName = Release;
		};
		92B0403A2411892E00FB6D2C /* Build configuration list for PBXNativeTarget "iSmartFormTests" */ = {
			isa = XCConfigurationList;
			buildConfigurations = (
				92B0403B2411892E00FB6D2C /* Debug */,
				92B0403C2411892E00FB6D2C /* Release */,
			);
			defaultConfigurationIsVisible = 0;
			defaultConfigurationName = Release;
		};
		92B0403D2411892E00FB6D2C /* Build configuration list for PBXNativeTarget "iSmartFormUITests" */ = {
			isa = XCConfigurationList;
			buildConfigurations = (
				92B0403E2411892E00FB6D2C /* Debug */,
				92B0403F2411892E00FB6D2C /* Release */,
			);
			defaultConfigurationIsVisible = 0;
			defaultConfigurationName = Release;
		};
/* End XCConfigurationList section */
	};
	rootObject = 92B040052411892C00FB6D2C /* Project object */;
}
