// !$*UTF8*$!
{
	archiveVersion = 1;
	classes = {
	};
	objectVersion = 50;
	objects = {

/* Begin PBXBuildFile section */
		6E9323B948A1C6E68D0EF0F4 /* Pods_iSmartForm.framework in Frameworks */ = {isa = PBXBuildFile; fileRef = 115CE1F48C1C425C17687276 /* Pods_iSmartForm.framework */; };
		929442922412BB890009B18F /* Experience.rcproject in Sources */ = {isa = PBXBuildFile; fileRef = 92B040142411892C00FB6D2C /* Experience.rcproject */; };
		92B040112411892C00FB6D2C /* AppDelegate.swift in Sources */ = {isa = PBXBuildFile; fileRef = 92B040102411892C00FB6D2C /* AppDelegate.swift */; };
		92B040132411892C00FB6D2C /* ViewController.swift in Sources */ = {isa = PBXBuildFile; fileRef = 92B040122411892C00FB6D2C /* ViewController.swift */; };
		92B040182411892C00FB6D2C /* Main.storyboard in Resources */ = {isa = PBXBuildFile; fileRef = 92B040162411892C00FB6D2C /* Main.storyboard */; };
		92B0401A2411892E00FB6D2C /* Assets.xcassets in Resources */ = {isa = PBXBuildFile; fileRef = 92B040192411892E00FB6D2C /* Assets.xcassets */; };
		92B0401D2411892E00FB6D2C /* LaunchScreen.storyboard in Resources */ = {isa = PBXBuildFile; fileRef = 92B0401B2411892E00FB6D2C /* LaunchScreen.storyboard */; };
		92B040282411892E00FB6D2C /* iSmartFormTests.swift in Sources */ = {isa = PBXBuildFile; fileRef = 92B040272411892E00FB6D2C /* iSmartFormTests.swift */; };
		92B040332411892E00FB6D2C /* iSmartFormUITests.swift in Sources */ = {isa = PBXBuildFile; fileRef = 92B040322411892E00FB6D2C /* iSmartFormUITests.swift */; };
		92C99E152412A5A4009E13F6 /* profiles in Resources */ = {isa = PBXBuildFile; fileRef = 92C99E142412A5A4009E13F6 /* profiles */; };
		92D6CD4824119CAD00B45A90 /* character in Resources */ = {isa = PBXBuildFile; fileRef = 92D6CD4724119CAC00B45A90 /* character */; };
		C41BA69D63CF0493706CF239 /* Pods_iSmartForm_iSmartFormUITests.framework in Frameworks */ = {isa = PBXBuildFile; fileRef = A3E174E7F1886567C74A46FA /* Pods_iSmartForm_iSmartFormUITests.framework */; };
		DE26DC71A6B3193FD909A705 /* Pods_iSmartFormTests.framework in Frameworks */ = {isa = PBXBuildFile; fileRef = 796EA55AE1901E5ABF97C26F /* Pods_iSmartFormTests.framework */; };
/* End PBXBuildFile section */

/* Begin PBXContainerItemProxy section */
		92B040242411892E00FB6D2C /* PBXContainerItemProxy */ = {
			isa = PBXContainerItemProxy;
			containerPortal = 92B040052411892C00FB6D2C /* Project object */;
			proxyType = 1;
			remoteGlobalIDString = 92B0400C2411892C00FB6D2C;
			remoteInfo = iSmartForm;
		};
		92B0402F2411892E00FB6D2C /* PBXContainerItemProxy */ = {
			isa = PBXContainerItemProxy;
			containerPortal = 92B040052411892C00FB6D2C /* Project object */;
			proxyType = 1;
			remoteGlobalIDString = 92B0400C2411892C00FB6D2C;
			remoteInfo = iSmartForm;
		};
/* End PBXContainerItemProxy section */

/* Begin PBXFileReference section */
		115CE1F48C1C425C17687276 /* Pods_iSmartForm.framework */ = {isa = PBXFileReference; explicitFileType = wrapper.framework; includeInIndex = 0; path = Pods_iSmartForm.framework; sourceTree = BUILT_PRODUCTS_DIR; };
		117D897FB856794677FFF8D1 /* Pods-iSmartFormTests.release.xcconfig */ = {isa = PBXFileReference; includeInIndex = 1; lastKnownFileType = text.xcconfig; name = "Pods-iSmartFormTests.release.xcconfig"; path = "Target Support Files/Pods-iSmartFormTests/Pods-iSmartFormTests.release.xcconfig"; sourceTree = "<group>"; };
		2E173486DE7F0FEC1B4C85E1 /* Pods-iSmartForm.debug.xcconfig */ = {isa = PBXFileReference; includeInIndex = 1; lastKnownFileType = text.xcconfig; name = "Pods-iSmartForm.debug.xcconfig"; path = "Target Support Files/Pods-iSmartForm/Pods-iSmartForm.debug.xcconfig"; sourceTree = "<group>"; };
		3DA6CF049B783460A46BB9B3 /* Pods-iSmartForm-iSmartFormUITests.release.xcconfig */ = {isa = PBXFileReference; includeInIndex = 1; lastKnownFileType = text.xcconfig; name = "Pods-iSmartForm-iSmartFormUITests.release.xcconfig"; path = "Target Support Files/Pods-iSmartForm-iSmartFormUITests/Pods-iSmartForm-iSmartFormUITests.release.xcconfig"; sourceTree = "<group>"; };
		796EA55AE1901E5ABF97C26F /* Pods_iSmartFormTests.framework */ = {isa = PBXFileReference; explicitFileType = wrapper.framework; includeInIndex = 0; path = Pods_iSmartFormTests.framework; sourceTree = BUILT_PRODUCTS_DIR; };
		7F936C121E4E74739D7659C7 /* Pods-iSmartForm.appstore.xcconfig */ = {isa = PBXFileReference; includeInIndex = 1; lastKnownFileType = text.xcconfig; name = "Pods-iSmartForm.appstore.xcconfig"; path = "Target Support Files/Pods-iSmartForm/Pods-iSmartForm.appstore.xcconfig"; sourceTree = "<group>"; };
		8E3AB8E63B78E14C1C5A6AF7 /* Pods-iSmartForm-iSmartFormUITests.appstore.xcconfig */ = {isa = PBXFileReference; includeInIndex = 1; lastKnownFileType = text.xcconfig; name = "Pods-iSmartForm-iSmartFormUITests.appstore.xcconfig"; path = "Target Support Files/Pods-iSmartForm-iSmartFormUITests/Pods-iSmartForm-iSmartFormUITests.appstore.xcconfig"; sourceTree = "<group>"; };
		924AFBA94076B81DBD091A17 /* Pods-iSmartForm-iSmartFormUITests.debug.xcconfig */ = {isa = PBXFileReference; includeInIndex = 1; lastKnownFileType = text.xcconfig; name = "Pods-iSmartForm-iSmartFormUITests.debug.xcconfig"; path = "Target Support Files/Pods-iSmartForm-iSmartFormUITests/Pods-iSmartForm-iSmartFormUITests.debug.xcconfig"; sourceTree = "<group>"; };
		92B0400D2411892C00FB6D2C /* iSmartForm.app */ = {isa = PBXFileReference; explicitFileType = wrapper.application; includeInIndex = 0; path = iSmartForm.app; sourceTree = BUILT_PRODUCTS_DIR; };
		92B040102411892C00FB6D2C /* AppDelegate.swift */ = {isa = PBXFileReference; lastKnownFileType = sourcecode.swift; path = AppDelegate.swift; sourceTree = "<group>"; };
		92B040122411892C00FB6D2C /* ViewController.swift */ = {isa = PBXFileReference; lastKnownFileType = sourcecode.swift; path = ViewController.swift; sourceTree = "<group>"; };
		92B040142411892C00FB6D2C /* Experience.rcproject */ = {isa = PBXFileReference; lastKnownFileType = file.rcproject; path = Experience.rcproject; sourceTree = "<group>"; };
		92B040172411892C00FB6D2C /* Base */ = {isa = PBXFileReference; lastKnownFileType = file.storyboard; name = Base; path = Base.lproj/Main.storyboard; sourceTree = "<group>"; };
		92B040192411892E00FB6D2C /* Assets.xcassets */ = {isa = PBXFileReference; lastKnownFileType = folder.assetcatalog; path = Assets.xcassets; sourceTree = "<group>"; };
		92B0401C2411892E00FB6D2C /* Base */ = {isa = PBXFileReference; lastKnownFileType = file.storyboard; name = Base; path = Base.lproj/LaunchScreen.storyboard; sourceTree = "<group>"; };
		92B0401E2411892E00FB6D2C /* Info.plist */ = {isa = PBXFileReference; lastKnownFileType = text.plist.xml; path = Info.plist; sourceTree = "<group>"; };
		92B040232411892E00FB6D2C /* iSmartFormTests.xctest */ = {isa = PBXFileReference; explicitFileType = wrapper.cfbundle; includeInIndex = 0; path = iSmartFormTests.xctest; sourceTree = BUILT_PRODUCTS_DIR; };
		92B040272411892E00FB6D2C /* iSmartFormTests.swift */ = {isa = PBXFileReference; lastKnownFileType = sourcecode.swift; path = iSmartFormTests.swift; sourceTree = "<group>"; };
		92B040292411892E00FB6D2C /* Info.plist */ = {isa = PBXFileReference; lastKnownFileType = text.plist.xml; path = Info.plist; sourceTree = "<group>"; };
		92B0402E2411892E00FB6D2C /* iSmartFormUITests.xctest */ = {isa = PBXFileReference; explicitFileType = wrapper.cfbundle; includeInIndex = 0; path = iSmartFormUITests.xctest; sourceTree = BUILT_PRODUCTS_DIR; };
		92B040322411892E00FB6D2C /* iSmartFormUITests.swift */ = {isa = PBXFileReference; lastKnownFileType = sourcecode.swift; path = iSmartFormUITests.swift; sourceTree = "<group>"; };
		92B040342411892E00FB6D2C /* Info.plist */ = {isa = PBXFileReference; lastKnownFileType = text.plist.xml; path = Info.plist; sourceTree = "<group>"; };
		92C99E142412A5A4009E13F6 /* profiles */ = {isa = PBXFileReference; lastKnownFileType = folder; path = profiles; sourceTree = "<group>"; };
		92D6CD4724119CAC00B45A90 /* character */ = {isa = PBXFileReference; fileEncoding = 4; lastKnownFileType = text; path = character; sourceTree = SOURCE_ROOT; };
		A3E174E7F1886567C74A46FA /* Pods_iSmartForm_iSmartFormUITests.framework */ = {isa = PBXFileReference; explicitFileType = wrapper.framework; includeInIndex = 0; path = Pods_iSmartForm_iSmartFormUITests.framework; sourceTree = BUILT_PRODUCTS_DIR; };
		BBCDD27164FA47D8AE7BD956 /* Pods-iSmartFormTests.appstore.xcconfig */ = {isa = PBXFileReference; includeInIndex = 1; lastKnownFileType = text.xcconfig; name = "Pods-iSmartFormTests.appstore.xcconfig"; path = "Target Support Files/Pods-iSmartFormTests/Pods-iSmartFormTests.appstore.xcconfig"; sourceTree = "<group>"; };
		E10FB17F3840033CD8CFF53F /* Pods-iSmartForm.release.xcconfig */ = {isa = PBXFileReference; includeInIndex = 1; lastKnownFileType = text.xcconfig; name = "Pods-iSmartForm.release.xcconfig"; path = "Target Support Files/Pods-iSmartForm/Pods-iSmartForm.release.xcconfig"; sourceTree = "<group>"; };
		FB2F6FDE76561550E7A3EF53 /* Pods-iSmartFormTests.debug.xcconfig */ = {isa = PBXFileReference; includeInIndex = 1; lastKnownFileType = text.xcconfig; name = "Pods-iSmartFormTests.debug.xcconfig"; path = "Target Support Files/Pods-iSmartFormTests/Pods-iSmartFormTests.debug.xcconfig"; sourceTree = "<group>"; };
/* End PBXFileReference section */

/* Begin PBXFrameworksBuildPhase section */
		92B0400A2411892C00FB6D2C /* Frameworks */ = {
			isa = PBXFrameworksBuildPhase;
			buildActionMask = 2147483647;
			files = (
				6E9323B948A1C6E68D0EF0F4 /* Pods_iSmartForm.framework in Frameworks */,
			);
			runOnlyForDeploymentPostprocessing = 0;
		};
		92B040202411892E00FB6D2C /* Frameworks */ = {
			isa = PBXFrameworksBuildPhase;
			buildActionMask = 2147483647;
			files = (
				DE26DC71A6B3193FD909A705 /* Pods_iSmartFormTests.framework in Frameworks */,
			);
			runOnlyForDeploymentPostprocessing = 0;
		};
		92B0402B2411892E00FB6D2C /* Frameworks */ = {
			isa = PBXFrameworksBuildPhase;
			buildActionMask = 2147483647;
			files = (
				C41BA69D63CF0493706CF239 /* Pods_iSmartForm_iSmartFormUITests.framework in Frameworks */,
			);
			runOnlyForDeploymentPostprocessing = 0;
		};
/* End PBXFrameworksBuildPhase section */

/* Begin PBXGroup section */
		92B040042411892C00FB6D2C = {
			isa = PBXGroup;
			children = (
				92C99E142412A5A4009E13F6 /* profiles */,
				92B0400F2411892C00FB6D2C /* iSmartForm */,
				92B040262411892E00FB6D2C /* iSmartFormTests */,
				92B040312411892E00FB6D2C /* iSmartFormUITests */,
				92B0400E2411892C00FB6D2C /* Products */,
				A0095CAD3C2B2E3C4463496B /* Pods */,
				C7095DADFA9C465E06467D6F /* Frameworks */,
			);
			sourceTree = "<group>";
		};
		92B0400E2411892C00FB6D2C /* Products */ = {
			isa = PBXGroup;
			children = (
				92B0400D2411892C00FB6D2C /* iSmartForm.app */,
				92B040232411892E00FB6D2C /* iSmartFormTests.xctest */,
				92B0402E2411892E00FB6D2C /* iSmartFormUITests.xctest */,
			);
			name = Products;
			sourceTree = "<group>";
		};
		92B0400F2411892C00FB6D2C /* iSmartForm */ = {
			isa = PBXGroup;
			children = (
				92D6CD4724119CAC00B45A90 /* character */,
				92B040102411892C00FB6D2C /* AppDelegate.swift */,
				92B040122411892C00FB6D2C /* ViewController.swift */,
				92B040142411892C00FB6D2C /* Experience.rcproject */,
				92B040162411892C00FB6D2C /* Main.storyboard */,
				92B040192411892E00FB6D2C /* Assets.xcassets */,
				92B0401B2411892E00FB6D2C /* LaunchScreen.storyboard */,
				92B0401E2411892E00FB6D2C /* Info.plist */,
			);
			path = iSmartForm;
			sourceTree = "<group>";
		};
		92B040262411892E00FB6D2C /* iSmartFormTests */ = {
			isa = PBXGroup;
			children = (
				92B040272411892E00FB6D2C /* iSmartFormTests.swift */,
				92B040292411892E00FB6D2C /* Info.plist */,
			);
			path = iSmartFormTests;
			sourceTree = "<group>";
		};
		92B040312411892E00FB6D2C /* iSmartFormUITests */ = {
			isa = PBXGroup;
			children = (
				92B040322411892E00FB6D2C /* iSmartFormUITests.swift */,
				92B040342411892E00FB6D2C /* Info.plist */,
			);
			path = iSmartFormUITests;
			sourceTree = "<group>";
		};
		A0095CAD3C2B2E3C4463496B /* Pods */ = {
			isa = PBXGroup;
			children = (
				2E173486DE7F0FEC1B4C85E1 /* Pods-iSmartForm.debug.xcconfig */,
				E10FB17F3840033CD8CFF53F /* Pods-iSmartForm.release.xcconfig */,
				7F936C121E4E74739D7659C7 /* Pods-iSmartForm.appstore.xcconfig */,
				924AFBA94076B81DBD091A17 /* Pods-iSmartForm-iSmartFormUITests.debug.xcconfig */,
				3DA6CF049B783460A46BB9B3 /* Pods-iSmartForm-iSmartFormUITests.release.xcconfig */,
				8E3AB8E63B78E14C1C5A6AF7 /* Pods-iSmartForm-iSmartFormUITests.appstore.xcconfig */,
				FB2F6FDE76561550E7A3EF53 /* Pods-iSmartFormTests.debug.xcconfig */,
				117D897FB856794677FFF8D1 /* Pods-iSmartFormTests.release.xcconfig */,
				BBCDD27164FA47D8AE7BD956 /* Pods-iSmartFormTests.appstore.xcconfig */,
			);
			path = Pods;
			sourceTree = "<group>";
		};
		C7095DADFA9C465E06467D6F /* Frameworks */ = {
			isa = PBXGroup;
			children = (
				115CE1F48C1C425C17687276 /* Pods_iSmartForm.framework */,
				A3E174E7F1886567C74A46FA /* Pods_iSmartForm_iSmartFormUITests.framework */,
				796EA55AE1901E5ABF97C26F /* Pods_iSmartFormTests.framework */,
			);
			name = Frameworks;
			sourceTree = "<group>";
		};
/* End PBXGroup section */

/* Begin PBXNativeTarget section */
		92B0400C2411892C00FB6D2C /* iSmartForm */ = {
			isa = PBXNativeTarget;
			buildConfigurationList = 92B040372411892E00FB6D2C /* Build configuration list for PBXNativeTarget "iSmartForm" */;
			buildPhases = (
				9B423A3D7C3581C77D2899CE /* [CP] Check Pods Manifest.lock */,
				92B040092411892C00FB6D2C /* Sources */,
				92B0400A2411892C00FB6D2C /* Frameworks */,
				92B0400B2411892C00FB6D2C /* Resources */,
			);
			buildRules = (
			);
			dependencies = (
			);
			name = iSmartForm;
			productName = iSmartForm;
			productReference = 92B0400D2411892C00FB6D2C /* iSmartForm.app */;
			productType = "com.apple.product-type.application";
		};
		92B040222411892E00FB6D2C /* iSmartFormTests */ = {
			isa = PBXNativeTarget;
			buildConfigurationList = 92B0403A2411892E00FB6D2C /* Build configuration list for PBXNativeTarget "iSmartFormTests" */;
			buildPhases = (
				22221746D86C1DB20B2BFF91 /* [CP] Check Pods Manifest.lock */,
				92B0401F2411892E00FB6D2C /* Sources */,
				92B040202411892E00FB6D2C /* Frameworks */,
				92B040212411892E00FB6D2C /* Resources */,
			);
			buildRules = (
			);
			dependencies = (
				92B040252411892E00FB6D2C /* PBXTargetDependency */,
			);
			name = iSmartFormTests;
			productName = iSmartFormTests;
			productReference = 92B040232411892E00FB6D2C /* iSmartFormTests.xctest */;
			productType = "com.apple.product-type.bundle.unit-test";
		};
		92B0402D2411892E00FB6D2C /* iSmartFormUITests */ = {
			isa = PBXNativeTarget;
			buildConfigurationList = 92B0403D2411892E00FB6D2C /* Build configuration list for PBXNativeTarget "iSmartFormUITests" */;
			buildPhases = (
				A6A166A3013947A8F9285C52 /* [CP] Check Pods Manifest.lock */,
				92B0402A2411892E00FB6D2C /* Sources */,
				92B0402B2411892E00FB6D2C /* Frameworks */,
				92B0402C2411892E00FB6D2C /* Resources */,
			);
			buildRules = (
			);
			dependencies = (
				92B040302411892E00FB6D2C /* PBXTargetDependency */,
			);
			name = iSmartFormUITests;
			productName = iSmartFormUITests;
			productReference = 92B0402E2411892E00FB6D2C /* iSmartFormUITests.xctest */;
			productType = "com.apple.product-type.bundle.ui-testing";
		};
/* End PBXNativeTarget section */

/* Begin PBXProject section */
		92B040052411892C00FB6D2C /* Project object */ = {
			isa = PBXProject;
			attributes = {
				LastSwiftUpdateCheck = 1110;
				LastUpgradeCheck = 1110;
				ORGANIZATIONNAME = "Parker McLain";
				TargetAttributes = {
					92B0400C2411892C00FB6D2C = {
						CreatedOnToolsVersion = 11.1;
					};
					92B040222411892E00FB6D2C = {
						CreatedOnToolsVersion = 11.1;
						TestTargetID = 92B0400C2411892C00FB6D2C;
					};
					92B0402D2411892E00FB6D2C = {
						CreatedOnToolsVersion = 11.1;
						TestTargetID = 92B0400C2411892C00FB6D2C;
					};
				};
			};
			buildConfigurationList = 92B040082411892C00FB6D2C /* Build configuration list for PBXProject "iSmartForm" */;
			compatibilityVersion = "Xcode 9.3";
			developmentRegion = en;
			hasScannedForEncodings = 0;
			knownRegions = (
				en,
				Base,
			);
			mainGroup = 92B040042411892C00FB6D2C;
			productRefGroup = 92B0400E2411892C00FB6D2C /* Products */;
			projectDirPath = "";
			projectRoot = "";
			targets = (
				92B0400C2411892C00FB6D2C /* iSmartForm */,
				92B040222411892E00FB6D2C /* iSmartFormTests */,
				92B0402D2411892E00FB6D2C /* iSmartFormUITests */,
			);
		};
/* End PBXProject section */

/* Begin PBXResourcesBuildPhase section */
		92B0400B2411892C00FB6D2C /* Resources */ = {
			isa = PBXResourcesBuildPhase;
			buildActionMask = 2147483647;
			files = (
				92B0401D2411892E00FB6D2C /* LaunchScreen.storyboard in Resources */,
				92C99E152412A5A4009E13F6 /* profiles in Resources */,
				92B0401A2411892E00FB6D2C /* Assets.xcassets in Resources */,
				92D6CD4824119CAD00B45A90 /* character in Resources */,
				92B040182411892C00FB6D2C /* Main.storyboard in Resources */,
			);
			runOnlyForDeploymentPostprocessing = 0;
		};
		92B040212411892E00FB6D2C /* Resources */ = {
			isa = PBXResourcesBuildPhase;
			buildActionMask = 2147483647;
			files = (
			);
			runOnlyForDeploymentPostprocessing = 0;
		};
		92B0402C2411892E00FB6D2C /* Resources */ = {
			isa = PBXResourcesBuildPhase;
			buildActionMask = 2147483647;
			files = (
			);
			runOnlyForDeploymentPostprocessing = 0;
		};
/* End PBXResourcesBuildPhase section */

/* Begin PBXShellScriptBuildPhase section */
		22221746D86C1DB20B2BFF91 /* [CP] Check Pods Manifest.lock */ = {
			isa = PBXShellScriptBuildPhase;
			buildActionMask = 2147483647;
			files = (
			);
			inputFileListPaths = (
			);
			inputPaths = (
				"${PODS_PODFILE_DIR_PATH}/Podfile.lock",
				"${PODS_ROOT}/Manifest.lock",
			);
			name = "[CP] Check Pods Manifest.lock";
			outputFileListPaths = (
			);
			outputPaths = (
				"$(DERIVED_FILE_DIR)/Pods-iSmartFormTests-checkManifestLockResult.txt",
			);
			runOnlyForDeploymentPostprocessing = 0;
			shellPath = /bin/sh;
			shellScript = "diff \"${PODS_PODFILE_DIR_PATH}/Podfile.lock\" \"${PODS_ROOT}/Manifest.lock\" > /dev/null\nif [ $? != 0 ] ; then\n    # print error to STDERR\n    echo \"error: The sandbox is not in sync with the Podfile.lock. Run 'pod install' or update your CocoaPods installation.\" >&2\n    exit 1\nfi\n# This output is used by Xcode 'outputs' to avoid re-running this script phase.\necho \"SUCCESS\" > \"${SCRIPT_OUTPUT_FILE_0}\"\n";
			showEnvVarsInLog = 0;
		};
		9B423A3D7C3581C77D2899CE /* [CP] Check Pods Manifest.lock */ = {
			isa = PBXShellScriptBuildPhase;
			buildActionMask = 2147483647;
			files = (
			);
			inputFileListPaths = (
			);
			inputPaths = (
				"${PODS_PODFILE_DIR_PATH}/Podfile.lock",
				"${PODS_ROOT}/Manifest.lock",
			);
			name = "[CP] Check Pods Manifest.lock";
			outputFileListPaths = (
			);
			outputPaths = (
				"$(DERIVED_FILE_DIR)/Pods-iSmartForm-checkManifestLockResult.txt",
			);
			runOnlyForDeploymentPostprocessing = 0;
			shellPath = /bin/sh;
			shellScript = "diff \"${PODS_PODFILE_DIR_PATH}/Podfile.lock\" \"${PODS_ROOT}/Manifest.lock\" > /dev/null\nif [ $? != 0 ] ; then\n    # print error to STDERR\n    echo \"error: The sandbox is not in sync with the Podfile.lock. Run 'pod install' or update your CocoaPods installation.\" >&2\n    exit 1\nfi\n# This output is used by Xcode 'outputs' to avoid re-running this script phase.\necho \"SUCCESS\" > \"${SCRIPT_OUTPUT_FILE_0}\"\n";
			showEnvVarsInLog = 0;
		};
		A6A166A3013947A8F9285C52 /* [CP] Check Pods Manifest.lock */ = {
			isa = PBXShellScriptBuildPhase;
			buildActionMask = 2147483647;
			files = (
			);
			inputFileListPaths = (
			);
			inputPaths = (
				"${PODS_PODFILE_DIR_PATH}/Podfile.lock",
				"${PODS_ROOT}/Manifest.lock",
			);
			name = "[CP] Check Pods Manifest.lock";
			outputFileListPaths = (
			);
			outputPaths = (
				"$(DERIVED_FILE_DIR)/Pods-iSmartForm-iSmartFormUITests-checkManifestLockResult.txt",
			);
			runOnlyForDeploymentPostprocessing = 0;
			shellPath = /bin/sh;
			shellScript = "diff \"${PODS_PODFILE_DIR_PATH}/Podfile.lock\" \"${PODS_ROOT}/Manifest.lock\" > /dev/null\nif [ $? != 0 ] ; then\n    # print error to STDERR\n    echo \"error: The sandbox is not in sync with the Podfile.lock. Run 'pod install' or update your CocoaPods installation.\" >&2\n    exit 1\nfi\n# This output is used by Xcode 'outputs' to avoid re-running this script phase.\necho \"SUCCESS\" > \"${SCRIPT_OUTPUT_FILE_0}\"\n";
			showEnvVarsInLog = 0;
		};
/* End PBXShellScriptBuildPhase section */

/* Begin PBXSourcesBuildPhase section */
		92B040092411892C00FB6D2C /* Sources */ = {
			isa = PBXSourcesBuildPhase;
			buildActionMask = 2147483647;
			files = (
				92B040132411892C00FB6D2C /* ViewController.swift in Sources */,
				92B040112411892C00FB6D2C /* AppDelegate.swift in Sources */,
				929442922412BB890009B18F /* Experience.rcproject in Sources */,
			);
			runOnlyForDeploymentPostprocessing = 0;
		};
		92B0401F2411892E00FB6D2C /* Sources */ = {
			isa = PBXSourcesBuildPhase;
			buildActionMask = 2147483647;
			files = (
				92B040282411892E00FB6D2C /* iSmartFormTests.swift in Sources */,
			);
			runOnlyForDeploymentPostprocessing = 0;
		};
		92B0402A2411892E00FB6D2C /* Sources */ = {
			isa = PBXSourcesBuildPhase;
			buildActionMask = 2147483647;
			files = (
				92B040332411892E00FB6D2C /* iSmartFormUITests.swift in Sources */,
			);
			runOnlyForDeploymentPostprocessing = 0;
		};
/* End PBXSourcesBuildPhase section */

/* Begin PBXTargetDependency section */
		92B040252411892E00FB6D2C /* PBXTargetDependency */ = {
			isa = PBXTargetDependency;
			target = 92B0400C2411892C00FB6D2C /* iSmartForm */;
			targetProxy = 92B040242411892E00FB6D2C /* PBXContainerItemProxy */;
		};
		92B040302411892E00FB6D2C /* PBXTargetDependency */ = {
			isa = PBXTargetDependency;
			target = 92B0400C2411892C00FB6D2C /* iSmartForm */;
			targetProxy = 92B0402F2411892E00FB6D2C /* PBXContainerItemProxy */;
		};
/* End PBXTargetDependency section */

/* Begin PBXVariantGroup section */
		92B040162411892C00FB6D2C /* Main.storyboard */ = {
			isa = PBXVariantGroup;
			children = (
				92B040172411892C00FB6D2C /* Base */,
			);
			name = Main.storyboard;
			sourceTree = "<group>";
		};
		92B0401B2411892E00FB6D2C /* LaunchScreen.storyboard */ = {
			isa = PBXVariantGroup;
			children = (
				92B0401C2411892E00FB6D2C /* Base */,
			);
			name = LaunchScreen.storyboard;
			sourceTree = "<group>";
		};
/* End PBXVariantGroup section */

/* Begin XCBuildConfiguration section */
		92B040352411892E00FB6D2C /* Debug */ = {
			isa = XCBuildConfiguration;
			buildSettings = {
				ALWAYS_SEARCH_USER_PATHS = NO;
				CLANG_ANALYZER_NONNULL = YES;
				CLANG_ANALYZER_NUMBER_OBJECT_CONVERSION = YES_AGGRESSIVE;
				CLANG_CXX_LANGUAGE_STANDARD = "gnu++14";
				CLANG_CXX_LIBRARY = "libc++";
				CLANG_ENABLE_MODULES = YES;
				CLANG_ENABLE_OBJC_ARC = YES;
				CLANG_ENABLE_OBJC_WEAK = YES;
				CLANG_WARN_BLOCK_CAPTURE_AUTORELEASING = YES;
				CLANG_WARN_BOOL_CONVERSION = YES;
				CLANG_WARN_COMMA = YES;
				CLANG_WARN_CONSTANT_CONVERSION = YES;
				CLANG_WARN_DEPRECATED_OBJC_IMPLEMENTATIONS = YES;
				CLANG_WARN_DIRECT_OBJC_ISA_USAGE = YES_ERROR;
				CLANG_WARN_DOCUMENTATION_COMMENTS = YES;
				CLANG_WARN_EMPTY_BODY = YES;
				CLANG_WARN_ENUM_CONVERSION = YES;
				CLANG_WARN_INFINITE_RECURSION = YES;
				CLANG_WARN_INT_CONVERSION = YES;
				CLANG_WARN_NON_LITERAL_NULL_CONVERSION = YES;
				CLANG_WARN_OBJC_IMPLICIT_RETAIN_SELF = YES;
				CLANG_WARN_OBJC_LITERAL_CONVERSION = YES;
				CLANG_WARN_OBJC_ROOT_CLASS = YES_ERROR;
				CLANG_WARN_RANGE_LOOP_ANALYSIS = YES;
				CLANG_WARN_STRICT_PROTOTYPES = YES;
				CLANG_WARN_SUSPICIOUS_MOVE = YES;
				CLANG_WARN_UNGUARDED_AVAILABILITY = YES_AGGRESSIVE;
				CLANG_WARN_UNREACHABLE_CODE = YES;
				CLANG_WARN__DUPLICATE_METHOD_MATCH = YES;
				COPY_PHASE_STRIP = NO;
				DEBUG_INFORMATION_FORMAT = dwarf;
				ENABLE_STRICT_OBJC_MSGSEND = YES;
				ENABLE_TESTABILITY = YES;
				GCC_C_LANGUAGE_STANDARD = gnu11;
				GCC_DYNAMIC_NO_PIC = NO;
				GCC_NO_COMMON_BLOCKS = YES;
				GCC_OPTIMIZATION_LEVEL = 0;
				GCC_PREPROCESSOR_DEFINITIONS = (
					"DEBUG=1",
					"$(inherited)",
				);
				GCC_WARN_64_TO_32_BIT_CONVERSION = YES;
				GCC_WARN_ABOUT_RETURN_TYPE = YES_ERROR;
				GCC_WARN_UNDECLARED_SELECTOR = YES;
				GCC_WARN_UNINITIALIZED_AUTOS = YES_AGGRESSIVE;
				GCC_WARN_UNUSED_FUNCTION = YES;
				GCC_WARN_UNUSED_VARIABLE = YES;
				IPHONEOS_DEPLOYMENT_TARGET = 13.1;
				MTL_ENABLE_DEBUG_INFO = INCLUDE_SOURCE;
				MTL_FAST_MATH = YES;
				ONLY_ACTIVE_ARCH = YES;
				SDKROOT = iphoneos;
				SWIFT_ACTIVE_COMPILATION_CONDITIONS = DEBUG;
				SWIFT_OPTIMIZATION_LEVEL = "-Onone";
			};
			name = Debug;
		};
		92B040362411892E00FB6D2C /* Release */ = {
			isa = XCBuildConfiguration;
			buildSettings = {
				ALWAYS_SEARCH_USER_PATHS = NO;
				CLANG_ANALYZER_NONNULL = YES;
				CLANG_ANALYZER_NUMBER_OBJECT_CONVERSION = YES_AGGRESSIVE;
				CLANG_CXX_LANGUAGE_STANDARD = "gnu++14";
				CLANG_CXX_LIBRARY = "libc++";
				CLANG_ENABLE_MODULES = YES;
				CLANG_ENABLE_OBJC_ARC = YES;
				CLANG_ENABLE_OBJC_WEAK = YES;
				CLANG_WARN_BLOCK_CAPTURE_AUTORELEASING = YES;
				CLANG_WARN_BOOL_CONVERSION = YES;
				CLANG_WARN_COMMA = YES;
				CLANG_WARN_CONSTANT_CONVERSION = YES;
				CLANG_WARN_DEPRECATED_OBJC_IMPLEMENTATIONS = YES;
				CLANG_WARN_DIRECT_OBJC_ISA_USAGE = YES_ERROR;
				CLANG_WARN_DOCUMENTATION_COMMENTS = YES;
				CLANG_WARN_EMPTY_BODY = YES;
				CLANG_WARN_ENUM_CONVERSION = YES;
				CLANG_WARN_INFINITE_RECURSION = YES;
				CLANG_WARN_INT_CONVERSION = YES;
				CLANG_WARN_NON_LITERAL_NULL_CONVERSION = YES;
				CLANG_WARN_OBJC_IMPLICIT_RETAIN_SELF = YES;
				CLANG_WARN_OBJC_LITERAL_CONVERSION = YES;
				CLANG_WARN_OBJC_ROOT_CLASS = YES_ERROR;
				CLANG_WARN_RANGE_LOOP_ANALYSIS = YES;
				CLANG_WARN_STRICT_PROTOTYPES = YES;
				CLANG_WARN_SUSPICIOUS_MOVE = YES;
				CLANG_WARN_UNGUARDED_AVAILABILITY = YES_AGGRESSIVE;
				CLANG_WARN_UNREACHABLE_CODE = YES;
				CLANG_WARN__DUPLICATE_METHOD_MATCH = YES;
				COPY_PHASE_STRIP = NO;
				DEBUG_INFORMATION_FORMAT = "dwarf-with-dsym";
				ENABLE_NS_ASSERTIONS = NO;
				ENABLE_STRICT_OBJC_MSGSEND = YES;
				GCC_C_LANGUAGE_STANDARD = gnu11;
				GCC_NO_COMMON_BLOCKS = YES;
				GCC_WARN_64_TO_32_BIT_CONVERSION = YES;
				GCC_WARN_ABOUT_RETURN_TYPE = YES_ERROR;
				GCC_WARN_UNDECLARED_SELECTOR = YES;
				GCC_WARN_UNINITIALIZED_AUTOS = YES_AGGRESSIVE;
				GCC_WARN_UNUSED_FUNCTION = YES;
				GCC_WARN_UNUSED_VARIABLE = YES;
				IPHONEOS_DEPLOYMENT_TARGET = 13.1;
				MTL_ENABLE_DEBUG_INFO = NO;
				MTL_FAST_MATH = YES;
				SDKROOT = iphoneos;
				SWIFT_COMPILATION_MODE = wholemodule;
				SWIFT_OPTIMIZATION_LEVEL = "-O";
				VALIDATE_PRODUCT = YES;
			};
			name = Release;
		};
		92B040382411892E00FB6D2C /* Debug */ = {
			isa = XCBuildConfiguration;
			baseConfigurationReference = 2E173486DE7F0FEC1B4C85E1 /* Pods-iSmartForm.debug.xcconfig */;
			buildSettings = {
				ASSETCATALOG_COMPILER_APPICON_NAME = AppIcon;
				CODE_SIGN_IDENTITY = "iPhone Developer";
				CODE_SIGN_STYLE = Manual;
				DEVELOPMENT_TEAM = 5HNM8PG7H4;
				INFOPLIST_FILE = iSmartForm/Info.plist;
				LD_RUNPATH_SEARCH_PATHS = (
					"$(inherited)",
					"@executable_path/Frameworks",
				);
				PRODUCT_BUNDLE_IDENTIFIER = ParkerMclain.iSmartForm;
				PRODUCT_NAME = "$(TARGET_NAME)";
				PROVISIONING_PROFILE_SPECIFIER = "iSmartForm - Debug";
				SWIFT_VERSION = 5.0;
				TARGETED_DEVICE_FAMILY = "1,2";
			};
			name = Debug;
		};
		92B040392411892E00FB6D2C /* Release */ = {
			isa = XCBuildConfiguration;
			baseConfigurationReference = E10FB17F3840033CD8CFF53F /* Pods-iSmartForm.release.xcconfig */;
			buildSettings = {
				ASSETCATALOG_COMPILER_APPICON_NAME = AppIcon;
				CODE_SIGN_IDENTITY = "iPhone Distribution";
				CODE_SIGN_STYLE = Manual;
				DEVELOPMENT_TEAM = 5HNM8PG7H4;
				INFOPLIST_FILE = iSmartForm/Info.plist;
				LD_RUNPATH_SEARCH_PATHS = (
					"$(inherited)",
					"@executable_path/Frameworks",
				);
				PRODUCT_BUNDLE_IDENTIFIER = ParkerMclain.iSmartForm.qa;
				PRODUCT_NAME = "$(TARGET_NAME)";
				PROVISIONING_PROFILE_SPECIFIER = "iSmartForm - QA";
				SWIFT_VERSION = 5.0;
				TARGETED_DEVICE_FAMILY = "1,2";
			};
			name = Release;
		};
		92B0403B2411892E00FB6D2C /* Debug */ = {
			isa = XCBuildConfiguration;
			baseConfigurationReference = FB2F6FDE76561550E7A3EF53 /* Pods-iSmartFormTests.debug.xcconfig */;
			buildSettings = {
				ALWAYS_EMBED_SWIFT_STANDARD_LIBRARIES = YES;
				BUNDLE_LOADER = "$(TEST_HOST)";
				CODE_SIGN_STYLE = Automatic;
				DEVELOPMENT_TEAM = 5HNM8PG7H4;
				INFOPLIST_FILE = iSmartFormTests/Info.plist;
				IPHONEOS_DEPLOYMENT_TARGET = 13.1;
				LD_RUNPATH_SEARCH_PATHS = (
					"$(inherited)",
					"@executable_path/Frameworks",
					"@loader_path/Frameworks",
				);
				PRODUCT_BUNDLE_IDENTIFIER = ParkerMclain.iSmartFormTests;
				PRODUCT_NAME = "$(TARGET_NAME)";
				SWIFT_VERSION = 5.0;
				TARGETED_DEVICE_FAMILY = "1,2";
				TEST_HOST = "$(BUILT_PRODUCTS_DIR)/iSmartForm.app/iSmartForm";
			};
			name = Debug;
		};
		92B0403C2411892E00FB6D2C /* Release */ = {
			isa = XCBuildConfiguration;
			baseConfigurationReference = 117D897FB856794677FFF8D1 /* Pods-iSmartFormTests.release.xcconfig */;
			buildSettings = {
				ALWAYS_EMBED_SWIFT_STANDARD_LIBRARIES = YES;
				BUNDLE_LOADER = "$(TEST_HOST)";
				CODE_SIGN_STYLE = Automatic;
				DEVELOPMENT_TEAM = 5HNM8PG7H4;
				INFOPLIST_FILE = iSmartFormTests/Info.plist;
				IPHONEOS_DEPLOYMENT_TARGET = 13.1;
				LD_RUNPATH_SEARCH_PATHS = (
					"$(inherited)",
					"@executable_path/Frameworks",
					"@loader_path/Frameworks",
				);
				PRODUCT_BUNDLE_IDENTIFIER = ParkerMclain.iSmartFormTests;
				PRODUCT_NAME = "$(TARGET_NAME)";
				SWIFT_VERSION = 5.0;
				TARGETED_DEVICE_FAMILY = "1,2";
				TEST_HOST = "$(BUILT_PRODUCTS_DIR)/iSmartForm.app/iSmartForm";
			};
			name = Release;
		};
		92B0403E2411892E00FB6D2C /* Debug */ = {
			isa = XCBuildConfiguration;
			baseConfigurationReference = 924AFBA94076B81DBD091A17 /* Pods-iSmartForm-iSmartFormUITests.debug.xcconfig */;
			buildSettings = {
				ALWAYS_EMBED_SWIFT_STANDARD_LIBRARIES = YES;
				CODE_SIGN_STYLE = Automatic;
				DEVELOPMENT_TEAM = 5HNM8PG7H4;
				INFOPLIST_FILE = iSmartFormUITests/Info.plist;
				LD_RUNPATH_SEARCH_PATHS = (
					"$(inherited)",
					"@executable_path/Frameworks",
					"@loader_path/Frameworks",
				);
				PRODUCT_BUNDLE_IDENTIFIER = ParkerMclain.iSmartFormUITests;
				PRODUCT_NAME = "$(TARGET_NAME)";
				SWIFT_VERSION = 5.0;
				TARGETED_DEVICE_FAMILY = "1,2";
				TEST_TARGET_NAME = iSmartForm;
			};
			name = Debug;
		};
		92B0403F2411892E00FB6D2C /* Release */ = {
			isa = XCBuildConfiguration;
			baseConfigurationReference = 3DA6CF049B783460A46BB9B3 /* Pods-iSmartForm-iSmartFormUITests.release.xcconfig */;
			buildSettings = {
				ALWAYS_EMBED_SWIFT_STANDARD_LIBRARIES = YES;
				CODE_SIGN_STYLE = Automatic;
				DEVELOPMENT_TEAM = 5HNM8PG7H4;
				INFOPLIST_FILE = iSmartFormUITests/Info.plist;
				LD_RUNPATH_SEARCH_PATHS = (
					"$(inherited)",
					"@executable_path/Frameworks",
					"@loader_path/Frameworks",
				);
				PRODUCT_BUNDLE_IDENTIFIER = ParkerMclain.iSmartFormUITests;
				PRODUCT_NAME = "$(TARGET_NAME)";
				SWIFT_VERSION = 5.0;
				TARGETED_DEVICE_FAMILY = "1,2";
				TEST_TARGET_NAME = iSmartForm;
			};
			name = Release;
		};
		92B040AC2411952B00FB6D2C /* AppStore */ = {
			isa = XCBuildConfiguration;
			buildSettings = {
				ALWAYS_SEARCH_USER_PATHS = NO;
				CLANG_ANALYZER_NONNULL = YES;
				CLANG_ANALYZER_NUMBER_OBJECT_CONVERSION = YES_AGGRESSIVE;
				CLANG_CXX_LANGUAGE_STANDARD = "gnu++14";
				CLANG_CXX_LIBRARY = "libc++";
				CLANG_ENABLE_MODULES = YES;
				CLANG_ENABLE_OBJC_ARC = YES;
				CLANG_ENABLE_OBJC_WEAK = YES;
				CLANG_WARN_BLOCK_CAPTURE_AUTORELEASING = YES;
				CLANG_WARN_BOOL_CONVERSION = YES;
				CLANG_WARN_COMMA = YES;
				CLANG_WARN_CONSTANT_CONVERSION = YES;
				CLANG_WARN_DEPRECATED_OBJC_IMPLEMENTATIONS = YES;
				CLANG_WARN_DIRECT_OBJC_ISA_USAGE = YES_ERROR;
				CLANG_WARN_DOCUMENTATION_COMMENTS = YES;
				CLANG_WARN_EMPTY_BODY = YES;
				CLANG_WARN_ENUM_CONVERSION = YES;
				CLANG_WARN_INFINITE_RECURSION = YES;
				CLANG_WARN_INT_CONVERSION = YES;
				CLANG_WARN_NON_LITERAL_NULL_CONVERSION = YES;
				CLANG_WARN_OBJC_IMPLICIT_RETAIN_SELF = YES;
				CLANG_WARN_OBJC_LITERAL_CONVERSION = YES;
				CLANG_WARN_OBJC_ROOT_CLASS = YES_ERROR;
				CLANG_WARN_RANGE_LOOP_ANALYSIS = YES;
				CLANG_WARN_STRICT_PROTOTYPES = YES;
				CLANG_WARN_SUSPICIOUS_MOVE = YES;
				CLANG_WARN_UNGUARDED_AVAILABILITY = YES_AGGRESSIVE;
				CLANG_WARN_UNREACHABLE_CODE = YES;
				CLANG_WARN__DUPLICATE_METHOD_MATCH = YES;
				COPY_PHASE_STRIP = NO;
				DEBUG_INFORMATION_FORMAT = "dwarf-with-dsym";
				ENABLE_NS_ASSERTIONS = NO;
				ENABLE_STRICT_OBJC_MSGSEND = YES;
				GCC_C_LANGUAGE_STANDARD = gnu11;
				GCC_NO_COMMON_BLOCKS = YES;
				GCC_WARN_64_TO_32_BIT_CONVERSION = YES;
				GCC_WARN_ABOUT_RETURN_TYPE = YES_ERROR;
				GCC_WARN_UNDECLARED_SELECTOR = YES;
				GCC_WARN_UNINITIALIZED_AUTOS = YES_AGGRESSIVE;
				GCC_WARN_UNUSED_FUNCTION = YES;
				GCC_WARN_UNUSED_VARIABLE = YES;
				IPHONEOS_DEPLOYMENT_TARGET = 13.1;
				MTL_ENABLE_DEBUG_INFO = NO;
				MTL_FAST_MATH = YES;
				SDKROOT = iphoneos;
				SWIFT_COMPILATION_MODE = wholemodule;
				SWIFT_OPTIMIZATION_LEVEL = "-O";
				VALIDATE_PRODUCT = YES;
			};
			name = AppStore;
		};
		92B040AD2411952B00FB6D2C /* AppStore */ = {
			isa = XCBuildConfiguration;
			baseConfigurationReference = 7F936C121E4E74739D7659C7 /* Pods-iSmartForm.appstore.xcconfig */;
			buildSettings = {
				ASSETCATALOG_COMPILER_APPICON_NAME = AppIcon;
				CODE_SIGN_IDENTITY = "iPhone Distribution";
				CODE_SIGN_STYLE = Manual;
				DEVELOPMENT_TEAM = 5HNM8PG7H4;
				INFOPLIST_FILE = iSmartForm/Info.plist;
				LD_RUNPATH_SEARCH_PATHS = (
					"$(inherited)",
					"@executable_path/Frameworks",
				);
				PRODUCT_BUNDLE_IDENTIFIER = ParkerMclain.iSmartForm;
				PRODUCT_NAME = "$(TARGET_NAME)";
				PROVISIONING_PROFILE_SPECIFIER = "iSmartForm - Prod";
				SWIFT_VERSION = 5.0;
				TARGETED_DEVICE_FAMILY = "1,2";
			};
			name = AppStore;
		};
		92B040AE2411952B00FB6D2C /* AppStore */ = {
			isa = XCBuildConfiguration;
			baseConfigurationReference = BBCDD27164FA47D8AE7BD956 /* Pods-iSmartFormTests.appstore.xcconfig */;
			buildSettings = {
				ALWAYS_EMBED_SWIFT_STANDARD_LIBRARIES = YES;
				BUNDLE_LOADER = "$(TEST_HOST)";
				CODE_SIGN_STYLE = Automatic;
				DEVELOPMENT_TEAM = 5HNM8PG7H4;
				INFOPLIST_FILE = iSmartFormTests/Info.plist;
				IPHONEOS_DEPLOYMENT_TARGET = 13.1;
				LD_RUNPATH_SEARCH_PATHS = (
					"$(inherited)",
					"@executable_path/Frameworks",
					"@loader_path/Frameworks",
				);
				PRODUCT_BUNDLE_IDENTIFIER = ParkerMclain.iSmartFormTests;
				PRODUCT_NAME = "$(TARGET_NAME)";
				SWIFT_VERSION = 5.0;
				TARGETED_DEVICE_FAMILY = "1,2";
				TEST_HOST = "$(BUILT_PRODUCTS_DIR)/iSmartForm.app/iSmartForm";
			};
			name = AppStore;
		};
		92B040AF2411952B00FB6D2C /* AppStore */ = {
			isa = XCBuildConfiguration;
			baseConfigurationReference = 8E3AB8E63B78E14C1C5A6AF7 /* Pods-iSmartForm-iSmartFormUITests.appstore.xcconfig */;
			buildSettings = {
				ALWAYS_EMBED_SWIFT_STANDARD_LIBRARIES = YES;
				CODE_SIGN_STYLE = Automatic;
				DEVELOPMENT_TEAM = 5HNM8PG7H4;
				INFOPLIST_FILE = iSmartFormUITests/Info.plist;
				LD_RUNPATH_SEARCH_PATHS = (
					"$(inherited)",
					"@executable_path/Frameworks",
					"@loader_path/Frameworks",
				);
				PRODUCT_BUNDLE_IDENTIFIER = ParkerMclain.iSmartFormUITests;
				PRODUCT_NAME = "$(TARGET_NAME)";
				SWIFT_VERSION = 5.0;
				TARGETED_DEVICE_FAMILY = "1,2";
				TEST_TARGET_NAME = iSmartForm;
			};
			name = AppStore;
		};
/* End XCBuildConfiguration section */

/* Begin XCConfigurationList section */
		92B040082411892C00FB6D2C /* Build configuration list for PBXProject "iSmartForm" */ = {
			isa = XCConfigurationList;
			buildConfigurations = (
				92B040352411892E00FB6D2C /* Debug */,
				92B040362411892E00FB6D2C /* Release */,
				92B040AC2411952B00FB6D2C /* AppStore */,
			);
			defaultConfigurationIsVisible = 0;
			defaultConfigurationName = Release;
		};
		92B040372411892E00FB6D2C /* Build configuration list for PBXNativeTarget "iSmartForm" */ = {
			isa = XCConfigurationList;
			buildConfigurations = (
				92B040382411892E00FB6D2C /* Debug */,
				92B040392411892E00FB6D2C /* Release */,
				92B040AD2411952B00FB6D2C /* AppStore */,
			);
			defaultConfigurationIsVisible = 0;
			defaultConfigurationName = Release;
		};
		92B0403A2411892E00FB6D2C /* Build configuration list for PBXNativeTarget "iSmartFormTests" */ = {
			isa = XCConfigurationList;
			buildConfigurations = (
				92B0403B2411892E00FB6D2C /* Debug */,
				92B0403C2411892E00FB6D2C /* Release */,
				92B040AE2411952B00FB6D2C /* AppStore */,
			);
			defaultConfigurationIsVisible = 0;
			defaultConfigurationName = Release;
		};
		92B0403D2411892E00FB6D2C /* Build configuration list for PBXNativeTarget "iSmartFormUITests" */ = {
			isa = XCConfigurationList;
			buildConfigurations = (
				92B0403E2411892E00FB6D2C /* Debug */,
				92B0403F2411892E00FB6D2C /* Release */,
				92B040AF2411952B00FB6D2C /* AppStore */,
			);
			defaultConfigurationIsVisible = 0;
			defaultConfigurationName = Release;
		};
/* End XCConfigurationList section */
	};
	rootObject = 92B040052411892C00FB6D2C /* Project object */;
}
